
Microsoft Visual Studio Solution File, Format Version 12.00
# Visual Studio Version 17
VisualStudioVersion = 17.3.32922.545
MinimumVisualStudioVersion = 10.0.40219.1
Project("{8BC9CEB8-8B4A-11D0-8D11-00A0C91BC942}") = "Minairo", "Minairo\Minairo.vcxproj", "{34042ABA-DEEE-4366-9E44-88608413F61A}"
EndProject
Project("{8BC9CEB8-8B4A-11D0-8D11-00A0C91BC942}") = "CM", "CM\CM.vcxproj", "{D0521A23-025F-4FBC-9751-CB681049A6E1}"
EndProject
Project("{8BC9CEB8-8B4A-11D0-8D11-00A0C91BC942}") = "Tests", "Tests\Tests.vcxproj", "{6BCAD955-0710-4779-815C-D9AAC1617840}"
EndProject
Global
	GlobalSection(SolutionConfigurationPlatforms) = preSolution
		Debug|x64 = Debug|x64
		Debug|x86 = Debug|x86
		Release|x64 = Release|x64
		Release|x86 = Release|x86
	EndGlobalSection
	GlobalSection(ProjectConfigurationPlatforms) = postSolution
		{34042ABA-DEEE-4366-9E44-88608413F61A}.Debug|x64.ActiveCfg = Debug|x64
		{34042ABA-DEEE-4366-9E44-88608413F61A}.Debug|x64.Build.0 = Debug|x64
		{34042ABA-DEEE-4366-9E44-88608413F61A}.Debug|x86.ActiveCfg = Debug|Win32
		{34042ABA-DEEE-4366-9E44-88608413F61A}.Debug|x86.Build.0 = Debug|Win32
		{34042ABA-DEEE-4366-9E44-88608413F61A}.Release|x64.ActiveCfg = Release|x64
		{34042ABA-DEEE-4366-9E44-88608413F61A}.Release|x64.Build.0 = Release|x64
		{34042ABA-DEEE-4366-9E44-88608413F61A}.Release|x86.ActiveCfg = Release|Win32
		{34042ABA-DEEE-4366-9E44-88608413F61A}.Release|x86.Build.0 = Release|Win32
		{D0521A23-025F-4FBC-9751-CB681049A6E1}.Debug|x64.ActiveCfg = Debug|x64
		{D0521A23-025F-4FBC-9751-CB681049A6E1}.Debug|x64.Build.0 = Debug|x64
		{D0521A23-025F-4FBC-9751-CB681049A6E1}.Debug|x86.ActiveCfg = Debug|Win32
		{D0521A23-025F-4FBC-9751-CB681049A6E1}.Debug|x86.Build.0 = Debug|Win32
		{D0521A23-025F-4FBC-9751-CB681049A6E1}.Release|x64.ActiveCfg = Release|x64
		{D0521A23-025F-4FBC-9751-CB681049A6E1}.Release|x64.Build.0 = Release|x64
		{D0521A23-025F-4FBC-9751-CB681049A6E1}.Release|x86.ActiveCfg = Release|Win32
		{D0521A23-025F-4FBC-9751-CB681049A6E1}.Release|x86.Build.0 = Release|Win32
		{6BCAD955-0710-4779-815C-D9AAC1617840}.Debug|x64.ActiveCfg = Debug|x64
		{6BCAD955-0710-4779-815C-D9AAC1617840}.Debug|x64.Build.0 = Debug|x64
		{6BCAD955-0710-4779-815C-D9AAC1617840}.Debug|x86.ActiveCfg = Debug|Win32
		{6BCAD955-0710-4779-815C-D9AAC1617840}.Debug|x86.Build.0 = Debug|Win32
		{6BCAD955-0710-4779-815C-D9AAC1617840}.Release|x64.ActiveCfg = Release|x64
		{6BCAD955-0710-4779-815C-D9AAC1617840}.Release|x64.Build.0 = Release|x64
		{6BCAD955-0710-4779-815C-D9AAC1617840}.Release|x86.ActiveCfg = Release|Win32
		{6BCAD955-0710-4779-815C-D9AAC1617840}.Release|x86.Build.0 = Release|Win32
	EndGlobalSection
	GlobalSection(SolutionProperties) = preSolution
		HideSolutionNode = FALSE
	EndGlobalSection
	GlobalSection(ExtensibilityGlobals) = postSolution
		SolutionGuid = {B005CAC7-D73E-4313-B4EF-16BEDC02A672}
	EndGlobalSection
EndGlobal
